
Microsoft Visual Studio Solution File, Format Version 12.00
# Visual Studio 15
VisualStudioVersion = 15.0.28307.168
MinimumVisualStudioVersion = 10.0.40219.1
Project("{8BC9CEB8-8B4A-11D0-8D11-00A0C91BC942}") = "Section1", "Section1\Section1.vcxproj", "{A831B0BE-893C-420A-846B-73A8407E7365}"
EndProject
Global
	GlobalSection(SolutionConfigurationPlatforms) = preSolution
		Debug|x64 = Debug|x64
		Debug|x86 = Debug|x86
		Release|x64 = Release|x64
		Release|x86 = Release|x86
	EndGlobalSection
	GlobalSection(ProjectConfigurationPlatforms) = postSolution
		{A831B0BE-893C-420A-846B-73A8407E7365}.Debug|x64.ActiveCfg = Debug|x64
		{A831B0BE-893C-420A-846B-73A8407E7365}.Debug|x64.Build.0 = Debug|x64
		{A831B0BE-893C-420A-846B-73A8407E7365}.Debug|x86.ActiveCfg = Debug|Win32
		{A831B0BE-893C-420A-846B-73A8407E7365}.Debug|x86.Build.0 = Debug|Win32
		{A831B0BE-893C-420A-846B-73A8407E7365}.Release|x64.ActiveCfg = Release|x64
		{A831B0BE-893C-420A-846B-73A8407E7365}.Release|x64.Build.0 = Release|x64
		{A831B0BE-893C-420A-846B-73A8407E7365}.Release|x86.ActiveCfg = Release|Win32
		{A831B0BE-893C-420A-846B-73A8407E7365}.Release|x86.Build.0 = Release|Win32
	EndGlobalSection
	GlobalSection(SolutionProperties) = preSolution
		HideSolutionNode = FALSE
	EndGlobalSection
	GlobalSection(ExtensibilityGlobals) = postSolution
		SolutionGuid = {EC22A110-2E53-4B8D-A46D-EC9B392C4C5F}
	EndGlobalSection
EndGlobal
